id: ack_and_brunt_block
name: "Ack & Brunt"
# see notes: melee_from_the_modules
inherits: ack_and_brunt
form: block
transform_group: ack_and_brunt
co_behavior: additive_with_base_damage
unmodeled:
  - "One attack input's animation length is unpublished: the wiki gives each combo's total at 1.0x attack speed, so totals are exact and inputs are split evenly. This shifts a status tick by fractions of a second and changes no total."
  - "Power Spike's partial combo decay is a Warframe passive and is not modelled: the counter drops to zero when its timer runs out, so with that passive the number reads low."
  - reason: melee_attack_unmodelled
    attacks: "Spectral Axe and Spectral Axe Explosion"
  - reason: melee_incarnon_unmodelled
  - reason: melee_slide_unpublished
  - reason: melee_passive_unmodelled
    passive: "blocking an elemental attack stores a charge adding 17.5% of that element to the next attack, up to 4"
attack:
  # see notes: swing_trigger_pull_engine
  trigger: melee
  shot_type: hit_scan
  fire_rate: 0.833
  multishot: 1.0
  ammo_cost: 0
  no_magazine: true
  crit_chance: 0.2
  crit_multiplier: 2.0
  status_chance: 0.1
  punch_through_m: 0.0
  range_m: 2.5
  follow_through: 0.6
  heavy: { multiplier: 5.0, windup_seconds: 0.2333 }
  damage: { impact: 14.9, puncture: 14.9, slash: 119.2 }   # total 149

source:
  url: https://wiki.warframe.com/w/Ack_&_Brunt
