id: coda_hirudo_block
name: Coda Hirudo
# see notes: melee_from_the_modules
inherits: coda_hirudo
form: block
transform_group: coda_hirudo
co_behavior: additive_with_base_damage
unmodeled:
  - "One attack input's animation length is unpublished: the wiki gives each combo's total at 1.0x attack speed, so totals are exact and inputs are split evenly. This shifts a status tick by fractions of a second and changes no total."
  - "Power Spike's partial combo decay is a Warframe passive and is not modelled: the counter drops to zero when its timer runs out, so with that passive the number reads low."
  - reason: melee_valence_unmodelled
    family: Coda
attack:
  # see notes: swing_trigger_pull_engine
  trigger: melee
  shot_type: hit_scan
  fire_rate: 1.0
  multishot: 1.0
  ammo_cost: 0
  no_magazine: true
  crit_chance: 0.34
  crit_multiplier: 3.1
  status_chance: 0.18
  punch_through_m: 0.0
  range_m: 1.25
  follow_through: 0.9
  heavy: { multiplier: 6.5029, windup_seconds: 0.1667 }
  damage: { impact: 26.25, puncture: 140, slash: 8.75 }   # total 175

source:
  url: https://wiki.warframe.com/w/Coda_Hirudo
