id: dual_viciss_block
name: Dual Viciss
# see notes: melee_from_the_modules
inherits: dual_viciss
form: block
transform_group: dual_viciss
co_behavior: additive_with_base_damage
unmodeled:
  - "One attack input's animation length is unpublished: the wiki gives each combo's total at 1.0x attack speed, so totals are exact and inputs are split evenly. This shifts a status tick by fractions of a second and changes no total."
  - "Power Spike's partial combo decay is a Warframe passive and is not modelled: the counter drops to zero when its timer runs out, so with that passive the number reads low."
  - reason: melee_passive_unmodelled
    passive: "each enemy it inflicts Gas on grants +7% attack speed and +8% movement speed for 10 s, up to 5 stacks, refreshed by each new stack"
attack:
  # see notes: swing_trigger_pull_engine
  trigger: melee
  shot_type: hit_scan
  fire_rate: 1.0
  multishot: 1.0
  ammo_cost: 0
  no_magazine: true
  crit_chance: 0.23
  crit_multiplier: 2.1
  status_chance: 0.29
  punch_through_m: 0.0
  range_m: 2.4
  follow_through: 0.5
  heavy: { multiplier: 4.0, windup_seconds: 0.2333 }
  damage: { puncture: 51, slash: 51, gas: 153 }   # total 255

source:
  url: https://wiki.warframe.com/w/Dual_Viciss
