id: edun_block
name: Edun
# see notes: melee_from_the_modules
inherits: edun
form: block
transform_group: edun
co_behavior: additive_with_base_damage
unmodeled:
  - "one attack input's own animation length is not published anywhere: the wiki gives a combo's total duration at 1.0x attack speed and one entry per input, so the combo's DURATION is exact and the split between its INPUTS is even. It moves a status tick's start by fractions of a second inside a combo and moves no total"
  - "Power Spike's partial combo decay is a Warframe passive and is not modelled: this counter drops to zero when its clock runs out, so a build running that passive keeps far more of it than this reports"
  - reason: melee_attack_unmodelled
    attacks: "Polearm Throw and Polearm Explosion"
  - reason: melee_heavy_is_special
    what: "a thrown polearm: 480 damage on contact with a forced Impact status, then a 400 Blast explosion in 5 m a second later"
attack:
  # see notes: swing_trigger_pull_engine
  trigger: melee
  shot_type: hit_scan
  fire_rate: 1.0
  multishot: 1.0
  ammo_cost: 0
  no_magazine: true
  crit_chance: 0.34
  crit_multiplier: 2.6
  status_chance: 0.2
  punch_through_m: 0.0
  range_m: 3.0
  follow_through: 0.6
  damage: { impact: 44, puncture: 66, slash: 110 }   # total 220

source:
  url: https://wiki.warframe.com/w/Edun
