id: kestrel_prime_block
name: Kestrel Prime
# see notes: melee_placeholder_intake
inherits: kestrel_prime
form: block
transform_group: kestrel_prime
co_behavior: additive_with_base_damage
unmodeled:
  - "one attack input's own animation length is not published anywhere: the wiki gives a combo's total duration at 1.0x attack speed and one entry per input, so the combo's DURATION is exact and the split between its INPUTS is even. It moves a status tick's start by fractions of a second inside a combo and moves no total"
  - "Power Spike's partial combo decay is a Warframe passive and is not modelled: this counter drops to zero when its clock runs out, so a build running that passive keeps far more of it than this reports"
  - reason: melee_placeholder
  - reason: melee_attack_unmodelled
    attacks: "Throw, Throw Bounce Explosion, Throw Recall Explosion, Charged Throw, Charged Throw Bounce Explosion and Charged Throw Recall Explosion"
  - reason: glaive_heavy_is_a_throw
attack:
  # see notes: swing_trigger_pull_engine
  trigger: melee
  shot_type: hit_scan
  fire_rate: 1.25
  multishot: 1.0
  ammo_cost: 0
  no_magazine: true
  crit_chance: 0.2
  crit_multiplier: 2.2
  status_chance: 0.4
  punch_through_m: 0.0
  range_m: 1.2
  follow_through: 0.7
  damage: { impact: 157.5, puncture: 21, slash: 31.5 }   # total 210

source:
  url: https://wiki.warframe.com/w/Kestrel_Prime
