id: reaper_prime_block
name: Reaper Prime
# see notes: melee_from_the_modules
inherits: reaper_prime
form: block
transform_group: reaper_prime
co_behavior: additive_with_base_damage
unmodeled:
  - "One attack input's animation length is unpublished: the wiki gives each combo's total at 1.0x attack speed, so totals are exact and inputs are split evenly. This shifts a status tick by fractions of a second and changes no total."
  - "Power Spike's partial combo decay is a Warframe passive and is not modelled: the counter drops to zero when its timer runs out, so with that passive the number reads low."
  - reason: melee_slide_unpublished
attack:
  # see notes: swing_trigger_pull_engine
  trigger: melee
  shot_type: hit_scan
  fire_rate: 1.08
  multishot: 1.0
  ammo_cost: 0
  no_magazine: true
  crit_chance: 0.35
  crit_multiplier: 2.5
  status_chance: 0.25
  punch_through_m: 0.0
  range_m: 2.8
  follow_through: 0.6
  heavy: { multiplier: 6.0, windup_seconds: 0.3333 }
  damage: { impact: 30, puncture: 30, slash: 140 }   # total 200

source:
  url: https://wiki.warframe.com/w/Reaper_Prime
