id: tatsu_prime_block
name: Tatsu Prime
# see notes: melee_from_the_modules
inherits: tatsu_prime
form: block
transform_group: tatsu_prime
co_behavior: additive_with_base_damage
unmodeled:
  - "One attack input's animation length is unpublished: the wiki gives each combo's total at 1.0x attack speed, so totals are exact and inputs are split evenly. This shifts a status tick by fractions of a second and changes no total."
  - "Power Spike's partial combo decay is a Warframe passive and is not modelled: the counter drops to zero when its timer runs out, so with that passive the number reads low."
  - reason: melee_attack_unmodelled
    attacks: "Soul Swarm Projectile"
  - reason: melee_own_combo_unmodelled
    combos: "slide attack"
  - reason: melee_slide_unpublished
attack:
  # see notes: swing_trigger_pull_engine
  trigger: melee
  shot_type: hit_scan
  fire_rate: 1.17
  multishot: 1.0
  ammo_cost: 0
  no_magazine: true
  crit_chance: 0.22
  crit_multiplier: 2.4
  status_chance: 0.3
  punch_through_m: 0.0
  range_m: 3.0
  follow_through: 0.7
  heavy: { multiplier: 6.0, windup_seconds: 0.2333 }
  damage: { impact: 20, puncture: 54, slash: 76, radiation: 80 }   # total 230

source:
  url: https://wiki.warframe.com/w/Tatsu_Prime
