id: tekko_prime_block
name: Tekko Prime
# see notes: melee_from_the_modules
inherits: tekko_prime
form: block
transform_group: tekko_prime
co_behavior: additive_with_base_damage
unmodeled:
  - "one attack input's own animation length is not published anywhere: the wiki gives a combo's total duration at 1.0x attack speed and one entry per input, so the combo's DURATION is exact and the split between its INPUTS is even. It moves a status tick's start by fractions of a second inside a combo and moves no total"
  - "Power Spike's partial combo decay is a Warframe passive and is not modelled: this counter drops to zero when its clock runs out, so a build running that passive keeps far more of it than this reports"
  - reason: melee_slide_unpublished
  - reason: melee_passive_unmodelled
    passive: "with Atlas, its signature bonus: +6% base Status Chance"
attack:
  # see notes: swing_trigger_pull_engine
  trigger: melee
  shot_type: hit_scan
  fire_rate: 1.0
  multishot: 1.0
  ammo_cost: 0
  no_magazine: true
  crit_chance: 0.3
  crit_multiplier: 2.4
  status_chance: 0.26
  punch_through_m: 0.0
  range_m: 1.35
  follow_through: 0.9
  heavy: { multiplier: 5.0, windup_seconds: 0.2 }
  damage: { impact: 39.6, puncture: 25.2, slash: 115.2 }   # total 180

source:
  url: https://wiki.warframe.com/w/Tekko_Prime
