id: wolf_sledge_block
name: Wolf Sledge
# see notes: melee_from_the_modules
inherits: wolf_sledge
form: block
transform_group: wolf_sledge
co_behavior: additive_with_base_damage
unmodeled:
  - "One attack input's animation length is unpublished: the wiki gives each combo's total at 1.0x attack speed, so totals are exact and inputs are split evenly. This shifts a status tick by fractions of a second and changes no total."
  - "Power Spike's partial combo decay is a Warframe passive and is not modelled: the counter drops to zero when its timer runs out, so with that passive the number reads low."
  - reason: melee_attack_unmodelled
    attacks: "Throw, Throw Bounce Explosion and Throw Recall Explosion"
attack:
  # see notes: swing_trigger_pull_engine
  trigger: melee
  shot_type: hit_scan
  fire_rate: 1.0
  multishot: 1.0
  ammo_cost: 0
  no_magazine: true
  crit_chance: 0.17
  crit_multiplier: 1.9
  status_chance: 0.33
  punch_through_m: 0.0
  range_m: 3.1
  follow_through: 0.4
  heavy: { multiplier: 4.0, windup_seconds: 0.4 }
  damage: { impact: 132.09, puncture: 7.77, slash: 119.14 }   # total 259

source:
  url: https://wiki.warframe.com/w/Wolf_Sledge
